
Microsoft Visual Studio Solution File, Format Version 12.00
# Visual Studio Version 16
VisualStudioVersion = 16.0.32630.194
MinimumVisualStudioVersion = 10.0.40219.1
Project("{FAE04EC0-301F-11D3-BF4B-00C04F79EFBC}") = "Meetup.API", "Meetup.API\Meetup.API.csproj", "{E36EC113-1891-4392-AD6D-B1A8E518308B}"
EndProject
Global
	GlobalSection(SolutionConfigurationPlatforms) = preSolution
		Debug|Any CPU = Debug|Any CPU
		Release|Any CPU = Release|Any CPU
	EndGlobalSection
	GlobalSection(ProjectConfigurationPlatforms) = postSolution
		{E36EC113-1891-4392-AD6D-B1A8E518308B}.Debug|Any CPU.ActiveCfg = Debug|Any CPU
		{E36EC113-1891-4392-AD6D-B1A8E518308B}.Debug|Any CPU.Build.0 = Debug|Any CPU
		{E36EC113-1891-4392-AD6D-B1A8E518308B}.Release|Any CPU.ActiveCfg = Release|Any CPU
		{E36EC113-1891-4392-AD6D-B1A8E518308B}.Release|Any CPU.Build.0 = Release|Any CPU
	EndGlobalSection
	GlobalSection(SolutionProperties) = preSolution
		HideSolutionNode = FALSE
	EndGlobalSection
	GlobalSection(ExtensibilityGlobals) = postSolution
		SolutionGuid = {10473351-C30B-4D1F-B72E-2F9F60CEB13C}
	EndGlobalSection
EndGlobal
